{
  "name": "foo",
  "version": "1.0.0",
  "lockfileVersion": 1,
  "requires": true,
  "dependencies": {
    "@babel/parser": {
      "version": "7.21.4",
      "resolved": "https://registry.npmjs.org/@babel/parser/-/parser-7.21.4.tgz",
      "integrity": "sha512-alVJj7k7zIxqBZ7BTRhz0IqJFxW1VJbm6N8JbcYhQ186df9ZBPbZBmWSqAMXwHGsCJdYks7z/voa3ibiS5bCIw==",
      "dev": true
    },
    "@cronvel/get-pixels": {
      "version": "3.3.1",
      "resolved": "https://registry.npmjs.org/@cronvel/get-pixels/-/get-pixels-3.3.1.tgz",
      "integrity": "sha512-jgDb8vGPkpjRDbiYyHTI2Bna4HJysjPNSiERzBnRJjCR/YqC3u0idTae0tmNECsaZLOpAWmlK9wiIwnLGIT9Bg==",
      "dev": true,
      "requires": {
        "jpeg-js": "^0.1.1",
        "ndarray": "^1.0.13",
        "ndarray-pack": "^1.1.1",
        "node-bitmap": "0.0.1",
        "omggif": "^1.0.5",
        "pngjs": "^2.0.0"
      }
    },
    "@types/aws-lambda": {
      "version": "8.10.7",
      "resolved": "https://registry.npmjs.org/@types/aws-lambda/-/aws-lambda-8.10.7.tgz",
      "integrity": "sha512-oBt6+WHA9ViJwbUXiU7oIKrshD7bnco21vrqMlti3pWwhkAS90OaXSuZbgYiVLBQ5kvYDkKoU+uKTXoy6tzJpw==",
      "dev": true
    },
    "@types/node": {
      "version": "8.10.21",
      "resolved": "https://registry.npmjs.org/@types/node/-/node-8.10.21.tgz",
      "integrity": "sha512-87XkD9qDXm8fIax+5y7drx84cXsu34ZZqfB7Cial3Q/2lxSoJ/+DRaWckkCbxP41wFSIrrb939VhzaNxj4eY1w==",
      "dev": true
    },
    "app-module-path": {
      "version": "2.2.0",
      "resolved": "https://registry.npmjs.org/app-module-path/-/app-module-path-2.2.0.tgz",
      "integrity": "sha1-ZBqlXft9am8KgUHEucCqULbCTdU=",
      "dev": true
    },
    "async": {
      "version": "2.6.1",
      "resolved": "https://registry.npmjs.org/async/-/async-2.6.1.tgz",
      "integrity": "sha512-fNEiL2+AZt6AlAw/29Cr0UDe4sRAHCpEHh54WMz+Bb7QfNcFw4h3loofyJpLeQs4Yx7yuqu/2dLgM5hKOs6HlQ==",
      "dev": true,
      "requires": {
        "lodash": "^4.17.10"
      }
    },
    "async-kit": {
      "version": "2.2.4",
      "resolved": "https://registry.npmjs.org/async-kit/-/async-kit-2.2.4.tgz",
      "integrity": "sha512-LuWbpSYdTwrGv5MWhsUY69UaQAc3AYMwf/LwTupotu/ubb/1TjDd03WK1eoMXRK/s3bmi4aUkKY0TmxYQgRrmw==",
      "dev": true,
      "requires": {
        "nextgen-events": "^0.14.5",
        "tree-kit": "^0.5.27"
      },
      "dependencies": {
        "nextgen-events": {
          "version": "0.14.6",
          "resolved": "https://registry.npmjs.org/nextgen-events/-/nextgen-events-0.14.6.tgz",
          "integrity": "sha512-Ln9d5Midoah7RCxFk8z9tAAcRW/VkB4wZ61Nnw8aqM1/lb/WfPAnlzpLGYRghEjwZdXQNQedTfD/gclYMeI0eQ==",
          "dev": true
        }
      }
    },
    "aws-sdk": {
      "version": "2.249.1",
      "resolved": "https://registry.npmjs.org/aws-sdk/-/aws-sdk-2.249.1.tgz",
      "integrity": "sha1-KenvNa+xTODpH5kFsz7TVEF7lls=",
      "dev": true,
      "requires": {
        "buffer": "4.9.1",
        "events": "1.1.1",
        "ieee754": "1.1.8",
        "jmespath": "0.15.0",
        "querystring": "0.2.0",
        "sax": "1.2.1",
        "url": "0.10.3",
        "uuid": "3.1.0",
        "xml2js": "0.4.17"
      }
    },
    "axios": {
      "version": "0.18.0",
      "resolved": "https://registry.npmjs.org/axios/-/axios-0.18.0.tgz",
      "integrity": "sha1-MtU+SFHv3AoRmTts0AB4nXDAUQI=",
      "requires": {
        "follow-redirects": "^1.3.0",
        "is-buffer": "^1.1.5"
      }
    },
    "balanced-match": {
      "version": "1.0.0",
      "resolved": "https://registry.npmjs.org/balanced-match/-/balanced-match-1.0.0.tgz",
      "integrity": "sha1-ibTRmasr7kneFk6gK4nORi1xt2c=",
      "dev": true
    },
    "base64-js": {
      "version": "1.3.0",
      "resolved": "https://registry.npmjs.org/base64-js/-/base64-js-1.3.0.tgz",
      "integrity": "sha512-ccav/yGvoa80BQDljCxsmmQ3Xvx60/UpBIij5QN21W3wBi/hhIC9OoO+KLpu9IJTS9j4DRVJ3aDDF9cMSoa2lw==",
      "dev": true
    },
    "brace-expansion": {
      "version": "1.1.11",
      "resolved": "https://registry.npmjs.org/brace-expansion/-/brace-expansion-1.1.11.tgz",
      "integrity": "sha512-iCuPHDFgrHX7H2vEI/5xpz07zSHB00TpugqhmYtVmMO6518mCuRMoOYFldEBl0g187ufozdaHgWKcYFb61qGiA==",
      "dev": true,
      "requires": {
        "balanced-match": "^1.0.0",
        "concat-map": "0.0.1"
      }
    },
    "buffer": {
      "version": "4.9.1",
      "resolved": "https://registry.npmjs.org/buffer/-/buffer-4.9.1.tgz",
      "integrity": "sha1-bRu2AbB6TvztlwlBMgkwJ8lbwpg=",
      "dev": true,
      "requires": {
        "base64-js": "^1.0.2",
        "ieee754": "^1.1.4",
        "isarray": "^1.0.0"
      }
    },
    "builtin-modules": {
      "version": "2.0.0",
      "resolved": "https://registry.npmjs.org/builtin-modules/-/builtin-modules-2.0.0.tgz",
      "integrity": "sha512-3U5kUA5VPsRUA3nofm/BXX7GVHKfxz0hOBAPxXrIvHzlDRkQVqEn6yi8QJegxl4LzOHLdvb7XF5dVawa/VVYBg==",
      "dev": true
    },
    "commander": {
      "version": "2.16.0",
      "resolved": "https://registry.npmjs.org/commander/-/commander-2.16.0.tgz",
      "integrity": "sha512-sVXqklSaotK9at437sFlFpyOcJonxe0yST/AG9DkQKUdIE6IqGIMv4SfAQSKaJbSdVEJYItASCrBiVQHq1HQew==",
      "dev": true
    },
    "concat-map": {
      "version": "0.0.1",
      "resolved": "https://registry.npmjs.org/concat-map/-/concat-map-0.0.1.tgz",
      "integrity": "sha1-2Klr13/Wjfd5OnMDajug1UBdR3s=",
      "dev": true
    },
    "core-util-is": {
      "version": "1.0.2",
      "resolved": "https://registry.npmjs.org/core-util-is/-/core-util-is-1.0.2.tgz",
      "integrity": "sha1-tf1UIgqivFq1eqtxQMlAdUUDwac=",
      "dev": true
    },
    "cross-zip": {
      "version": "2.1.5",
      "resolved": "https://registry.npmjs.org/cross-zip/-/cross-zip-2.1.5.tgz",
      "integrity": "sha1-xdGgaksaEqAzBk+UbrWubUvc8+E=",
      "dev": true,
      "requires": {
        "rimraf": "^2.5.2"
      }
    },
    "cwise-compiler": {
      "version": "1.1.3",
      "resolved": "https://registry.npmjs.org/cwise-compiler/-/cwise-compiler-1.1.3.tgz",
      "integrity": "sha1-9NZnQQ6FDToxOn0tt7HlBbsDTMU=",
      "dev": true,
      "requires": {
        "uniq": "^1.0.0"
      }
    },
    "debug": {
      "version": "3.1.0",
      "resolved": "https://registry.npmjs.org/debug/-/debug-3.1.0.tgz",
      "integrity": "sha512-OX8XqP7/1a9cqkxYw2yXss15f26NKWBpDXQd0/uK/KPqdQhxbPa994hnzjcE2VqQpDslf55723cKPUOGSmMY3g==",
      "requires": {
        "ms": "2.0.0"
      }
    },
    "decomment": {
      "version": "0.9.5",
      "resolved": "https://registry.npmjs.org/decomment/-/decomment-0.9.5.tgz",
      "integrity": "sha512-h0TZ8t6Dp49duwyDHo3iw67mnh9/UpFiSSiOb5gDK1sqoXzrfX/SQxIUQd2R2QEiSnqib0KF2fnKnGfAhAs6lg==",
      "dev": true,
      "requires": {
        "esprima": "4.0.1"
      }
    },
    "deep-is": {
      "version": "0.1.3",
      "resolved": "https://registry.npmjs.org/deep-is/-/deep-is-0.1.3.tgz",
      "integrity": "sha1-s2nW+128E+7PUk+RsHD+7cNXzzQ=",
      "dev": true
    },
    "dependency-tree": {
      "version": "6.5.0",
      "resolved": "https://registry.npmjs.org/dependency-tree/-/dependency-tree-6.5.0.tgz",
      "integrity": "sha512-r0KO5BkQy8sMbyTD8NxSDOexsySbGpSH5fIsxCLZjarFTXMryiZoR7+Ao6OWkwLz6OeQPYCOIjUDh+knWitMEw==",
      "dev": true,
      "requires": {
        "commander": "^2.19.0",
        "debug": "^4.1.1",
        "filing-cabinet": "^2.3.0",
        "precinct": "^5.3.1"
      },
      "dependencies": {
        "ast-module-types": {
          "version": "3.0.0",
          "resolved": "https://registry.npmjs.org/ast-module-types/-/ast-module-types-3.0.0.tgz",
          "integrity": "sha512-CMxMCOCS+4D+DkOQfuZf+vLrSEmY/7xtORwdxs4wtcC1wVgvk2MqFFTwQCFhvWsI4KPU9lcWXPI8DgRiz+xetQ==",
          "dev": true
        },
        "commander": {
          "version": "2.20.3",
          "resolved": "https://registry.npmjs.org/commander/-/commander-2.20.3.tgz",
          "integrity": "sha512-GpVkmM8vF2vQUkj2LvZmD35JxeJOLCwJ9cUkugyk2nuhbv3+mJvpLYYt+0+USMxE+oj+ey/lJEnhZw75x/OMcQ==",
          "dev": true
        },
        "debug": {
          "version": "4.3.4",
          "resolved": "https://registry.npmjs.org/debug/-/debug-4.3.4.tgz",
          "integrity": "sha512-PRWFHuSU3eDtQJPvnNY7Jcket1j0t5OuOsFzPPzsekD52Zl8qUfFIPEiswXqIvHWGVHOgX+7G/vCNNhehwxfkQ==",
          "dev": true,
          "requires": {
            "ms": "2.1.2"
          }
        },
        "detective-amd": {
          "version": "3.1.2",
          "resolved": "https://registry.npmjs.org/detective-amd/-/detective-amd-3.1.2.tgz",
          "integrity": "sha512-jffU26dyqJ37JHR/o44La6CxtrDf3Rt9tvd2IbImJYxWKTMdBjctp37qoZ6ZcY80RHg+kzWz4bXn39e4P7cctQ==",
          "dev": true,
          "requires": {
            "ast-module-types": "^3.0.0",
            "escodegen": "^2.0.0",
            "get-amd-module-type": "^3.0.0",
            "node-source-walk": "^4.2.0"
          }
        },
        "detective-cjs": {
          "version": "3.1.3",
          "resolved": "https://registry.npmjs.org/detective-cjs/-/detective-cjs-3.1.3.tgz",
          "integrity": "sha512-ljs7P0Yj9MK64B7G0eNl0ThWSYjhAaSYy+fQcpzaKalYl/UoQBOzOeLCSFEY1qEBhziZ3w7l46KG/nH+s+L7BQ==",
          "dev": true,
          "requires": {
            "ast-module-types": "^3.0.0",
            "node-source-walk": "^4.0.0"
          }
        },
        "detective-es6": {
          "version": "2.2.2",
          "resolved": "https://registry.npmjs.org/detective-es6/-/detective-es6-2.2.2.tgz",
          "integrity": "sha512-eZUKCUsbHm8xoeoCM0z6JFwvDfJ5Ww5HANo+jPR7AzkFpW9Mun3t/TqIF2jjeWa2TFbAiGaWESykf2OQp3oeMw==",
          "dev": true,
          "requires": {
            "node-source-walk": "^4.0.0"
          }
        },
        "detective-less": {
          "version": "1.0.2",
          "resolved": "https://registry.npmjs.org/detective-less/-/detective-less-1.0.2.tgz",
          "integrity": "sha512-Rps1xDkEEBSq3kLdsdnHZL1x2S4NGDcbrjmd4q+PykK5aJwDdP5MBgrJw1Xo+kyUHuv3JEzPqxr+Dj9ryeDRTA==",
          "dev": true,
          "requires": {
            "debug": "^4.0.0",
            "gonzales-pe": "^4.2.3",
            "node-source-walk": "^4.0.0"
          }
        },
        "detective-postcss": {
          "version": "3.0.1",
          "resolved": "https://registry.npmjs.org/detective-postcss/-/detective-postcss-3.0.1.tgz",
          "integrity": "sha512-tfTS2GdpUal5NY0aCqI4dpEy8Xfr88AehYKB0iBIZvo8y2g3UsrcDnrp9PR2FbzoW7xD5Rip3NJW7eCSvtqdUw==",
          "dev": true,
          "requires": {
            "debug": "^4.1.1",
            "is-url": "^1.2.4",
            "postcss": "^7.0.2",
            "postcss-values-parser": "^1.5.0"
          }
        },
        "detective-sass": {
          "version": "3.0.2",
          "resolved": "https://registry.npmjs.org/detective-sass/-/detective-sass-3.0.2.tgz",
          "integrity": "sha512-DNVYbaSlmti/eztFGSfBw4nZvwsTaVXEQ4NsT/uFckxhJrNRFUh24d76KzoCC3aarvpZP9m8sC2L1XbLej4F7g==",
          "dev": true,
          "requires": {
            "gonzales-pe": "^4.3.0",
            "node-source-walk": "^4.0.0"
          }
        },
        "detective-scss": {
          "version": "2.0.2",
          "resolved": "https://registry.npmjs.org/detective-scss/-/detective-scss-2.0.2.tgz",
          "integrity": "sha512-hDWnWh/l0tht/7JQltumpVea/inmkBaanJUcXRB9kEEXVwVUMuZd6z7eusQ6GcBFrfifu3pX/XPyD7StjbAiBg==",
          "dev": true,
          "requires": {
            "gonzales-pe": "^4.3.0",
            "node-source-walk": "^4.0.0"
          }
        },
        "detective-typescript": {
          "version": "4.1.2",
          "resolved": "https://registry.npmjs.org/detective-typescript/-/detective-typescript-4.1.2.tgz",
          "integrity": "sha512-jeQMIN/0hjMdMpFGoo9y+ibo+dTb1Vbg6z/peHoRMR69jqH691kgz1gT5XM5UfkDD/Ru0save1bSJBmUr2yjvQ==",
          "dev": true,
          "requires": {
            "node-source-walk": "^4.0.0",
            "typescript": "^3.0.3",
            "typescript-eslint-parser": "^18.0.0"
          }
        },
        "escodegen": {
          "version": "2.0.0",
          "resolved": "https://registry.npmjs.org/escodegen/-/escodegen-2.0.0.tgz",
          "integrity": "sha512-mmHKys/C8BFUGI+MAWNcSYoORYLMdPzjrknd2Vc+bUsjN5bXcr8EhrNB+UTqfL1y3I9c4fw2ihgtMPQLBRiQxw==",
          "dev": true,
          "requires": {
            "esprima": "^4.0.1",
            "estraverse": "^5.2.0",
            "esutils": "^2.0.2",
            "optionator": "^0.8.1",
            "source-map": "~0.6.1"
          }
        },
        "estraverse": {
          "version": "5.3.0",
          "resolved": "https://registry.npmjs.org/estraverse/-/estraverse-5.3.0.tgz",
          "integrity": "sha512-MMdARuVEQziNTeJD8DgMqmhwR11BRQ/cBP+pLtYdSTnf3MIO8fFeiINEbX36ZdNlfU/7A9f3gUw49B3oQsvwBA==",
          "dev": true
        },
        "filing-cabinet": {
          "version": "2.6.0",
          "resolved": "https://registry.npmjs.org/filing-cabinet/-/filing-cabinet-2.6.0.tgz",
          "integrity": "sha512-7kSlTScEkxoYKXCix7tAQ52ZeIHcx7ZWWArEZgXY+eTMe6yDYFdDhHdkXm9rSmvrrpzdZeR1wiufS1rUt4OzMA==",
          "dev": true,
          "requires": {
            "app-module-path": "^2.2.0",
            "commander": "^2.13.0",
            "debug": "^4.1.1",
            "decomment": "^0.9.2",
            "enhanced-resolve": "^4.1.0",
            "is-relative-path": "^1.0.2",
            "module-definition": "^3.0.0",
            "module-lookup-amd": "^6.1.0",
            "resolve": "^1.11.1",
            "resolve-dependency-path": "^2.0.0",
            "sass-lookup": "^3.0.0",
            "stylus-lookup": "^3.0.1",
            "typescript": "^3.0.3"
          }
        },
        "find": {
          "version": "0.3.0",
          "resolved": "https://registry.npmjs.org/find/-/find-0.3.0.tgz",
          "integrity": "sha512-iSd+O4OEYV/I36Zl8MdYJO0xD82wH528SaCieTVHhclgiYNe9y+yPKSwK+A7/WsmHL1EZ+pYUJBXWTL5qofksw==",
          "dev": true,
          "requires": {
            "traverse-chain": "~0.1.0"
          }
        },
        "get-amd-module-type": {
          "version": "3.0.2",
          "resolved": "https://registry.npmjs.org/get-amd-module-type/-/get-amd-module-type-3.0.2.tgz",
          "integrity": "sha512-PcuKwB8ouJnKuAPn6Hk3UtdfKoUV3zXRqVEvj8XGIXqjWfgd1j7QGdXy5Z9OdQfzVt1Sk29HVe/P+X74ccOuqw==",
          "dev": true,
          "requires": {
            "ast-module-types": "^3.0.0",
            "node-source-walk": "^4.2.2"
          }
        },
        "gonzales-pe": {
          "version": "4.3.0",
          "resolved": "https://registry.npmjs.org/gonzales-pe/-/gonzales-pe-4.3.0.tgz",
          "integrity": "sha512-otgSPpUmdWJ43VXyiNgEYE4luzHCL2pz4wQ0OnDluC6Eg4Ko3Vexy/SrSynglw/eR+OhkzmqFCZa/OFa/RgAOQ==",
          "dev": true,
          "requires": {
            "minimist": "^1.2.5"
          }
        },
        "minimist": {
          "version": "1.2.8",
          "resolved": "https://registry.npmjs.org/minimist/-/minimist-1.2.8.tgz",
          "integrity": "sha512-2yyAR8qBkN3YuheJanUpWC5U3bb5osDywNB8RzDVlDwDHbocAJveqqj1u8+SVD7jkWT4yvsHCpWqqWqAxb0zCA==",
          "dev": true
        },
        "module-definition": {
          "version": "3.4.0",
          "resolved": "https://registry.npmjs.org/module-definition/-/module-definition-3.4.0.tgz",
          "integrity": "sha512-XxJ88R1v458pifaSkPNLUTdSPNVGMP2SXVncVmApGO+gAfrLANiYe6JofymCzVceGOMwQE2xogxBSc8uB7XegA==",
          "dev": true,
          "requires": {
            "ast-module-types": "^3.0.0",
            "node-source-walk": "^4.0.0"
          }
        },
        "module-lookup-amd": {
          "version": "6.2.0",
          "resolved": "https://registry.npmjs.org/module-lookup-amd/-/module-lookup-amd-6.2.0.tgz",
          "integrity": "sha512-uxHCj5Pw9psZiC1znjU2qPsubt6haCSsN9m7xmIdoTciEgfxUkE1vhtDvjHPuOXEZrVJhjKgkmkP+w73rRuelQ==",
          "dev": true,
          "requires": {
            "commander": "^2.8.1",
            "debug": "^4.1.0",
            "file-exists-dazinatorfork": "^1.0.2",
            "find": "^0.3.0",
            "requirejs": "^2.3.5",
            "requirejs-config-file": "^3.1.1"
          }
        },
        "ms": {
          "version": "2.1.2",
          "resolved": "https://registry.npmjs.org/ms/-/ms-2.1.2.tgz",
          "integrity": "sha512-sGkPx+VjMtmA6MX27oA4FBFELFCZZ4S4XqeGOXCv68tT+jb3vk/RyaKWP0PTKyWtmLSM0b+adUTEvbs1PEaH2w==",
          "dev": true
        },
        "node-source-walk": {
          "version": "4.3.0",
          "resolved": "https://registry.npmjs.org/node-source-walk/-/node-source-walk-4.3.0.tgz",
          "integrity": "sha512-8Q1hXew6ETzqKRAs3jjLioSxNfT1cx74ooiF8RlAONwVMcfq+UdzLC2eB5qcPldUxaE5w3ytLkrmV1TGddhZTA==",
          "dev": true,
          "requires": {
            "@babel/parser": "^7.0.0"
          }
        },
        "path-parse": {
          "version": "1.0.7",
          "resolved": "https://registry.npmjs.org/path-parse/-/path-parse-1.0.7.tgz",
          "integrity": "sha512-LDJzPVEEEPR+y48z93A0Ed0yXb8pAByGWo/k5YYdYgpY2/2EsOsksJrq7lOHxryrVOn1ejG6oAp8ahvOIQD8sw==",
          "dev": true
        },
        "postcss": {
          "version": "7.0.39",
          "resolved": "https://registry.npmjs.org/postcss/-/postcss-7.0.39.tgz",
          "integrity": "sha512-yioayjNbHn6z1/Bywyb2Y4s3yvDAeXGOyxqD+LnVOinq6Mdmd++SW2wUNVzavyyHxd6+DxzWGIuosg6P1Rj8uA==",
          "dev": true,
          "requires": {
            "picocolors": "^0.2.1",
            "source-map": "^0.6.1"
          }
        },
        "precinct": {
          "version": "5.3.1",
          "resolved": "https://registry.npmjs.org/precinct/-/precinct-5.3.1.tgz",
          "integrity": "sha512-HOIXDarP6S5JXYC5GhnpoAj9RqJ6yAwZ8VI71vQFlq1rmkBRPs+Mt60TOr7DUc/fx309iIQaniB4x3zueOOSdw==",
          "dev": true,
          "requires": {
            "commander": "^2.19.0",
            "debug": "^4.1.1",
            "detective-amd": "^3.0.0",
            "detective-cjs": "^3.1.1",
            "detective-es6": "^2.0.0",
            "detective-less": "^1.0.2",
            "detective-postcss": "^3.0.0",
            "detective-sass": "^3.0.0",
            "detective-scss": "^2.0.0",
            "detective-stylus": "^1.0.0",
            "detective-typescript": "^4.1.2",
            "module-definition": "^3.1.0",
            "node-source-walk": "^4.2.0"
          }
        },
        "requirejs-config-file": {
          "version": "3.1.2",
          "resolved": "https://registry.npmjs.org/requirejs-config-file/-/requirejs-config-file-3.1.2.tgz",
          "integrity": "sha512-sdLWywcDuNz7EIOhenSbRfT4YF84nItDv90coN2htbokjmU2QeyQuSBZILQUKNksepl8UPVU+hgYySFaDxbJPQ==",
          "dev": true,
          "requires": {
            "esprima": "^4.0.0",
            "make-dir": "^2.1.0",
            "stringify-object": "^3.2.1"
          }
        },
        "resolve": {
          "version": "1.22.2",
          "resolved": "https://registry.npmjs.org/resolve/-/resolve-1.22.2.tgz",
          "integrity": "sha512-Sb+mjNHOULsBv818T40qSPeRiuWLyaGMa5ewydRLFimneixmVy2zdivRl+AF6jaYPC8ERxGDmFSiqui6SfPd+g==",
          "dev": true,
          "requires": {
            "is-core-module": "^2.11.0",
            "path-parse": "^1.0.7",
            "supports-preserve-symlinks-flag": "^1.0.0"
          }
        },
        "resolve-dependency-path": {
          "version": "2.0.0",
          "resolved": "https://registry.npmjs.org/resolve-dependency-path/-/resolve-dependency-path-2.0.0.tgz",
          "integrity": "sha512-DIgu+0Dv+6v2XwRaNWnumKu7GPufBBOr5I1gRPJHkvghrfCGOooJODFvgFimX/KRxk9j0whD2MnKHzM1jYvk9w==",
          "dev": true
        },
        "sass-lookup": {
          "version": "3.0.0",
          "resolved": "https://registry.npmjs.org/sass-lookup/-/sass-lookup-3.0.0.tgz",
          "integrity": "sha512-TTsus8CfFRn1N44bvdEai1no6PqdmDiQUiqW5DlpmtT+tYnIt1tXtDIph5KA1efC+LmioJXSnCtUVpcK9gaKIg==",
          "dev": true,
          "requires": {
            "commander": "^2.16.0"
          }
        },
        "semver": {
          "version": "5.5.0",
          "resolved": "https://registry.npmjs.org/semver/-/semver-5.5.0.tgz",
          "integrity": "sha512-4SJ3dm0WAwWy/NVeioZh5AntkdJoWKxHxcmyP622fOkgHa4z3R0TdBJICINyaSDE6uNwVc8gZr+ZinwZAH4xIA==",
          "dev": true
        },
        "stylus-lookup": {
          "version": "3.0.2",
          "resolved": "https://registry.npmjs.org/stylus-lookup/-/stylus-lookup-3.0.2.tgz",
          "integrity": "sha512-oEQGHSjg/AMaWlKe7gqsnYzan8DLcGIHe0dUaFkucZZ14z4zjENRlQMCHT4FNsiWnJf17YN9OvrCfCoi7VvOyg==",
          "dev": true,
          "requires": {
            "commander": "^2.8.1",
            "debug": "^4.1.0"
          }
        },
        "typescript": {
          "version": "3.9.10",
          "resolved": "https://registry.npmjs.org/typescript/-/typescript-3.9.10.tgz",
          "integrity": "sha512-w6fIxVE/H1PkLKcCPsFqKE7Kv7QUwhU8qQY2MueZXWx5cPZdwFupLgKK3vntcK98BtNHZtAF4LA/yl2a7k8R6Q==",
          "dev": true
        },
        "typescript-eslint-parser": {
          "version": "18.0.0",
          "resolved": "https://registry.npmjs.org/typescript-eslint-parser/-/typescript-eslint-parser-18.0.0.tgz",
          "integrity": "sha512-Pn/A/Cw9ysiXSX5U1xjBmPQlxtWGV2o7jDNiH/u7KgBO2yC/y37wNFl2ogSrGZBQFuglLzGq0Xl0Bt31Jv44oA==",
          "dev": true,
          "requires": {
            "lodash.unescape": "4.0.1",
            "semver": "5.5.0"
          }
        }
      }
    },
    "detective-stylus": {
      "version": "1.0.0",
      "resolved": "https://registry.npmjs.org/detective-stylus/-/detective-stylus-1.0.0.tgz",
      "integrity": "sha1-UK7n24uruZA4HwEMY/q7pbWOVM0=",
      "dev": true
    },
    "enhanced-resolve": {
      "version": "4.1.0",
      "resolved": "https://registry.npmjs.org/enhanced-resolve/-/enhanced-resolve-4.1.0.tgz",
      "integrity": "sha512-F/7vkyTtyc/llOIn8oWclcB25KdRaiPBpZYDgJHgh/UHtpgT2p2eldQgtQnLtUvfMKPKxbRaQM/hHkvLHt1Vng==",
      "dev": true,
      "requires": {
        "graceful-fs": "^4.1.2",
        "memory-fs": "^0.4.0",
        "tapable": "^1.0.0"
      }
    },
    "errno": {
      "version": "0.1.7",
      "resolved": "https://registry.npmjs.org/errno/-/errno-0.1.7.tgz",
      "integrity": "sha512-MfrRBDWzIWifgq6tJj60gkAwtLNb6sQPlcFrSOflcP1aFmmruKQ2wRnze/8V6kgyz7H3FF8Npzv78mZ7XLLflg==",
      "dev": true,
      "requires": {
        "prr": "~1.0.1"
      }
    },
    "esprima": {
      "version": "4.0.1",
      "resolved": "https://registry.npmjs.org/esprima/-/esprima-4.0.1.tgz",
      "integrity": "sha512-eGuFFw7Upda+g4p+QHvnW0RyTX/SVeJBDM/gCtMARO0cLuT2HcEKnTPvhjV6aGeqrCB/sbNop0Kszm0jsaWU4A==",
      "dev": true
    },
    "esutils": {
      "version": "2.0.2",
      "resolved": "https://registry.npmjs.org/esutils/-/esutils-2.0.2.tgz",
      "integrity": "sha1-Cr9PHKpbyx96nYrMbepPqqBLrJs=",
      "dev": true
    },
    "events": {
      "version": "1.1.1",
      "resolved": "https://registry.npmjs.org/events/-/events-1.1.1.tgz",
      "integrity": "sha1-nr23Y1rQmccNzEwqH1AEKI6L2SQ=",
      "dev": true
    },
    "fast-levenshtein": {
      "version": "2.0.6",
      "resolved": "https://registry.npmjs.org/fast-levenshtein/-/fast-levenshtein-2.0.6.tgz",
      "integrity": "sha1-PYpcZog6FqMMqGQ+hR8Zuqd5eRc=",
      "dev": true
    },
    "file-exists-dazinatorfork": {
      "version": "1.0.2",
      "resolved": "https://registry.npmjs.org/file-exists-dazinatorfork/-/file-exists-dazinatorfork-1.0.2.tgz",
      "integrity": "sha512-r70c72ln2YHzQINNfxDp02hAhbGkt1HffZ+Du8oetWDLjDtFja/Lm10lUaSh9e+wD+7VDvPee0b0C9SAy8pWZg==",
      "dev": true
    },
    "find-up": {
      "version": "2.1.0",
      "resolved": "https://registry.npmjs.org/find-up/-/find-up-2.1.0.tgz",
      "integrity": "sha1-RdG35QbHF93UgndaK3eSCjwMV6c=",
      "dev": true,
      "requires": {
        "locate-path": "^2.0.0"
      }
    },
    "flatten": {
      "version": "1.0.2",
      "resolved": "https://registry.npmjs.org/flatten/-/flatten-1.0.2.tgz",
      "integrity": "sha1-2uRqnXj74lKSJYzB54CkHZXAN4I=",
      "dev": true
    },
    "follow-redirects": {
      "version": "1.5.1",
      "resolved": "https://registry.npmjs.org/follow-redirects/-/follow-redirects-1.5.1.tgz",
      "integrity": "sha512-v9GI1hpaqq1ZZR6pBD1+kI7O24PhDvNGNodjS3MdcEqyrahCp8zbtpv+2B/krUnSmUH80lbAS7MrdeK5IylgKg==",
      "requires": {
        "debug": "^3.1.0"
      }
    },
    "fs-extra": {
      "version": "5.0.0",
      "resolved": "https://registry.npmjs.org/fs-extra/-/fs-extra-5.0.0.tgz",
      "integrity": "sha512-66Pm4RYbjzdyeuqudYqhFiNBbCIuI9kgRqLPSHIlXHidW8NIQtVdkM1yeZ4lXwuhbTETv3EUGMNHAAw6hiundQ==",
      "dev": true,
      "requires": {
        "graceful-fs": "^4.1.2",
        "jsonfile": "^4.0.0",
        "universalify": "^0.1.0"
      }
    },
    "fs.realpath": {
      "version": "1.0.0",
      "resolved": "https://registry.npmjs.org/fs.realpath/-/fs.realpath-1.0.0.tgz",
      "integrity": "sha1-FQStJSMVjKpA20onh8sBQRmU6k8=",
      "dev": true
    },
    "function-bind": {
      "version": "1.1.1",
      "resolved": "https://registry.npmjs.org/function-bind/-/function-bind-1.1.1.tgz",
      "integrity": "sha512-yIovAzMX49sF8Yl58fSCWJ5svSLuaibPxXQJFLmBObTuCr0Mf1KiPopGM9NiFjiYBCbfaa2Fh6breQ6ANVTI0A==",
      "dev": true
    },
    "get-own-enumerable-property-symbols": {
      "version": "2.0.1",
      "resolved": "https://registry.npmjs.org/get-own-enumerable-property-symbols/-/get-own-enumerable-property-symbols-2.0.1.tgz",
      "integrity": "sha512-TtY/sbOemiMKPRUDDanGCSgBYe7Mf0vbRsWnBZ+9yghpZ1MvcpSpuZFjHdEeY/LZjZy0vdLjS77L6HosisFiug==",
      "dev": true
    },
    "glob": {
      "version": "7.1.2",
      "resolved": "https://registry.npmjs.org/glob/-/glob-7.1.2.tgz",
      "integrity": "sha512-MJTUg1kjuLeQCJ+ccE4Vpa6kKVXkPYJ2mOCQyUuKLcLQsdrMCpBPUi8qVE6+YuaJkozeA9NusTAw3hLr8Xe5EQ==",
      "dev": true,
      "requires": {
        "fs.realpath": "^1.0.0",
        "inflight": "^1.0.4",
        "inherits": "2",
        "minimatch": "^3.0.4",
        "once": "^1.3.0",
        "path-is-absolute": "^1.0.0"
      }
    },
    "graceful-fs": {
      "version": "4.1.11",
      "resolved": "https://registry.npmjs.org/graceful-fs/-/graceful-fs-4.1.11.tgz",
      "integrity": "sha1-Dovf5NHduIVNZOBOp8AOKgJuVlg=",
      "dev": true
    },
    "has": {
      "version": "1.0.3",
      "resolved": "https://registry.npmjs.org/has/-/has-1.0.3.tgz",
      "integrity": "sha512-f2dvO0VU6Oej7RkWJGrehjbzMAjFp5/VKPp5tTpWIV4JHHZK1/BxbFRtf/siA2SWTe09caDmVtYYzWEIbBS4zw==",
      "dev": true,
      "requires": {
        "function-bind": "^1.1.1"
      }
    },
    "ieee754": {
      "version": "1.1.8",
      "resolved": "https://registry.npmjs.org/ieee754/-/ieee754-1.1.8.tgz",
      "integrity": "sha1-vjPUCsEO8ZJnAfbwii2G+/0a0+Q=",
      "dev": true
    },
    "indexes-of": {
      "version": "1.0.1",
      "resolved": "https://registry.npmjs.org/indexes-of/-/indexes-of-1.0.1.tgz",
      "integrity": "sha1-8w9xbI4r00bHtn0985FVZqfAVgc=",
      "dev": true
    },
    "inflight": {
      "version": "1.0.6",
      "resolved": "https://registry.npmjs.org/inflight/-/inflight-1.0.6.tgz",
      "integrity": "sha1-Sb1jMdfQLQwJvJEKEHW6gWW1bfk=",
      "dev": true,
      "requires": {
        "once": "^1.3.0",
        "wrappy": "1"
      }
    },
    "inherits": {
      "version": "2.0.3",
      "resolved": "https://registry.npmjs.org/inherits/-/inherits-2.0.3.tgz",
      "integrity": "sha1-Yzwsg+PaQqUC9SRmAiSA9CCCYd4=",
      "dev": true
    },
    "iota-array": {
      "version": "1.0.0",
      "resolved": "https://registry.npmjs.org/iota-array/-/iota-array-1.0.0.tgz",
      "integrity": "sha1-ge9X/l0FgUzVjCSDYyqZwwoOgIc=",
      "dev": true
    },
    "is-buffer": {
      "version": "1.1.6",
      "resolved": "https://registry.npmjs.org/is-buffer/-/is-buffer-1.1.6.tgz",
      "integrity": "sha512-NcdALwpXkTm5Zvvbk7owOUSvVvBKDgKP5/ewfXEznmQFfs4ZRmanOeKBTjRVjka3QFoN6XJ+9F3USqfHqTaU5w=="
    },
    "is-builtin-module": {
      "version": "2.0.0",
      "resolved": "https://registry.npmjs.org/is-builtin-module/-/is-builtin-module-2.0.0.tgz",
      "integrity": "sha512-G2jLHphOywpgrL/AaJKWDXpdpGR9X4V1PCkB+EwG5Z28z8EukgdWnAUFAS2wdBtIpwHhHBIiq0NBOWEbSXN0Rg==",
      "dev": true,
      "requires": {
        "builtin-modules": "^2.0.0"
      }
    },
    "is-core-module": {
      "version": "2.12.0",
      "resolved": "https://registry.npmjs.org/is-core-module/-/is-core-module-2.12.0.tgz",
      "integrity": "sha512-RECHCBCd/viahWmwj6enj19sKbHfJrddi/6cBDsNTKbNq0f7VeaUkBo60BqzvPqo/W54ChS62Z5qyun7cfOMqQ==",
      "dev": true,
      "requires": {
        "has": "^1.0.3"
      }
    },
    "is-obj": {
      "version": "1.0.1",
      "resolved": "https://registry.npmjs.org/is-obj/-/is-obj-1.0.1.tgz",
      "integrity": "sha1-PkcprB9f3gJc19g6iW2rn09n2w8=",
      "dev": true
    },
    "is-regexp": {
      "version": "1.0.0",
      "resolved": "https://registry.npmjs.org/is-regexp/-/is-regexp-1.0.0.tgz",
      "integrity": "sha1-/S2INUXEa6xaYz57mgnof6LLUGk=",
      "dev": true
    },
    "is-relative-path": {
      "version": "1.0.2",
      "resolved": "https://registry.npmjs.org/is-relative-path/-/is-relative-path-1.0.2.tgz",
      "integrity": "sha1-CRtGoNZ8HtD+hfH4z93gBrslHUY=",
      "dev": true
    },
    "is-url": {
      "version": "1.2.4",
      "resolved": "https://registry.npmjs.org/is-url/-/is-url-1.2.4.tgz",
      "integrity": "sha512-ITvGim8FhRiYe4IQ5uHSkj7pVaPDrCTkNd3yq3cV7iZAcJdHTUMPMEHcqSOy9xZ9qFenQCvi+2wjH9a1nXqHww==",
      "dev": true
    },
    "isarray": {
      "version": "1.0.0",
      "resolved": "https://registry.npmjs.org/isarray/-/isarray-1.0.0.tgz",
      "integrity": "sha1-u5NdSFgsuhaMBoNJV6VKPgcSTxE=",
      "dev": true
    },
    "jmespath": {
      "version": "0.15.0",
      "resolved": "https://registry.npmjs.org/jmespath/-/jmespath-0.15.0.tgz",
      "integrity": "sha1-o/Iiqarp+Wb10nx5ZRDigJF2Qhc=",
      "dev": true
    },
    "jpeg-js": {
      "version": "0.1.2",
      "resolved": "https://registry.npmjs.org/jpeg-js/-/jpeg-js-0.1.2.tgz",
      "integrity": "sha1-E1uZLAV1yYXPoPSUoyJ+0jhYPs4=",
      "dev": true
    },
    "jsonfile": {
      "version": "4.0.0",
      "resolved": "https://registry.npmjs.org/jsonfile/-/jsonfile-4.0.0.tgz",
      "integrity": "sha1-h3Gq4HmbZAdrdmQPygWPnBDjPss=",
      "dev": true,
      "requires": {
        "graceful-fs": "^4.1.6"
      }
    },
    "lambpack": {
      "version": "1.0.6",
      "resolved": "https://registry.npmjs.org/lambpack/-/lambpack-1.0.6.tgz",
      "integrity": "sha512-WpyMVR/mmqDwrjsBgU/Bdxbd0w8gWDv/Kdm8RYgljGhTdwRBAVLSTwrICOKLe+BB3emmWxMWuhDvR3PlzBtu1A==",
      "dev": true,
      "requires": {
        "async": "^2.6.0",
        "commander": "^2.14.1",
        "cross-zip": "^2.1.5",
        "dependency-tree": "^6.0.0",
        "find-up": "^2.1.0",
        "fs-extra": "^5.0.0",
        "is-builtin-module": "^2.0.0",
        "lodash": "^4.17.5",
        "terminal-kit": "^1.14.3",
        "tmp": "0.0.33"
      }
    },
    "levn": {
      "version": "0.3.0",
      "resolved": "https://registry.npmjs.org/levn/-/levn-0.3.0.tgz",
      "integrity": "sha1-OwmSTt+fCDwEkP3UwLxEIeBHZO4=",
      "dev": true,
      "requires": {
        "prelude-ls": "~1.1.2",
        "type-check": "~0.3.2"
      }
    },
    "locate-path": {
      "version": "2.0.0",
      "resolved": "https://registry.npmjs.org/locate-path/-/locate-path-2.0.0.tgz",
      "integrity": "sha1-K1aLJl7slExtnA3pw9u7ygNUzY4=",
      "dev": true,
      "requires": {
        "p-locate": "^2.0.0",
        "path-exists": "^3.0.0"
      }
    },
    "lodash": {
      "version": "4.17.10",
      "resolved": "https://registry.npmjs.org/lodash/-/lodash-4.17.10.tgz",
      "integrity": "sha512-UejweD1pDoXu+AD825lWwp4ZGtSwgnpZxb3JDViD7StjQz+Nb/6l093lx4OQ0foGWNRoc19mWy7BzL+UAK2iVg==",
      "dev": true
    },
    "lodash.unescape": {
      "version": "4.0.1",
      "resolved": "https://registry.npmjs.org/lodash.unescape/-/lodash.unescape-4.0.1.tgz",
      "integrity": "sha1-vyJJiGzlFM2hEvrpIYzcBlIR/Jw=",
      "dev": true
    },
    "make-dir": {
      "version": "2.1.0",
      "resolved": "https://registry.npmjs.org/make-dir/-/make-dir-2.1.0.tgz",
      "integrity": "sha512-LS9X+dc8KLxXCb8dni79fLIIUA5VyZoyjSMCwTluaXA0o27cCK0bhXkpgw+sTXVpPy/lSO57ilRixqk0vDmtRA==",
      "dev": true,
      "requires": {
        "pify": "^4.0.1",
        "semver": "^5.6.0"
      },
      "dependencies": {
        "semver": {
          "version": "5.7.1",
          "resolved": "https://registry.npmjs.org/semver/-/semver-5.7.1.tgz",
          "integrity": "sha512-sauaDf/PZdVgrLTNYHRtpXa1iRiKcaebiKQ1BJdpQlWH2lCvexQdX55snPFyK7QzpudqbCI0qXFfOasHdyNDGQ==",
          "dev": true
        }
      }
    },
    "memory-fs": {
      "version": "0.4.1",
      "resolved": "https://registry.npmjs.org/memory-fs/-/memory-fs-0.4.1.tgz",
      "integrity": "sha1-OpoguEYlI+RHz7x+i7gO1me/xVI=",
      "dev": true,
      "requires": {
        "errno": "^0.1.3",
        "readable-stream": "^2.0.1"
      }
    },
    "minimatch": {
      "version": "3.0.4",
      "resolved": "https://registry.npmjs.org/minimatch/-/minimatch-3.0.4.tgz",
      "integrity": "sha512-yJHVQEhyqPLUTgt9B83PXu6W3rx4MvvHvSUvToogpwoGDOUQ+yDrR0HRot+yOCdCO7u4hX3pWft6kWBBcqh0UA==",
      "dev": true,
      "requires": {
        "brace-expansion": "^1.1.7"
      }
    },
    "ms": {
      "version": "2.0.0",
      "resolved": "https://registry.npmjs.org/ms/-/ms-2.0.0.tgz",
      "integrity": "sha1-VgiurfwAvmwpAd9fmGF4jeDVl8g="
    },
    "ndarray": {
      "version": "1.0.18",
      "resolved": "https://registry.npmjs.org/ndarray/-/ndarray-1.0.18.tgz",
      "integrity": "sha1-tg06cyJOxVXQ+qeXEeUCRI/T95M=",
      "dev": true,
      "requires": {
        "iota-array": "^1.0.0",
        "is-buffer": "^1.0.2"
      }
    },
    "ndarray-pack": {
      "version": "1.2.1",
      "resolved": "https://registry.npmjs.org/ndarray-pack/-/ndarray-pack-1.2.1.tgz",
      "integrity": "sha1-jK6+qqJNXs9w/4YCBjeXfajuWFo=",
      "dev": true,
      "requires": {
        "cwise-compiler": "^1.1.2",
        "ndarray": "^1.0.13"
      }
    },
    "nextgen-events": {
      "version": "1.1.0",
      "resolved": "https://registry.npmjs.org/nextgen-events/-/nextgen-events-1.1.0.tgz",
      "integrity": "sha512-Emz5rh584fygInd3gtwP+xGyJhEnyxQa0/Xbmw8sbpXVGV/luqDnVPq1cQopYR7qg6KUlPfwWVhxrhZri1wDAw==",
      "dev": true
    },
    "node-bitmap": {
      "version": "0.0.1",
      "resolved": "https://registry.npmjs.org/node-bitmap/-/node-bitmap-0.0.1.tgz",
      "integrity": "sha1-GA6scAPgxwdhjvMTaPYvhLKmkJE=",
      "dev": true
    },
    "omggif": {
      "version": "1.0.9",
      "resolved": "https://registry.npmjs.org/omggif/-/omggif-1.0.9.tgz",
      "integrity": "sha1-3LcCTazVDFK00wPwSALJHAV8dl8=",
      "dev": true
    },
    "once": {
      "version": "1.4.0",
      "resolved": "https://registry.npmjs.org/once/-/once-1.4.0.tgz",
      "integrity": "sha1-WDsap3WWHUsROsF9nFC6753Xa9E=",
      "dev": true,
      "requires": {
        "wrappy": "1"
      }
    },
    "optionator": {
      "version": "0.8.2",
      "resolved": "https://registry.npmjs.org/optionator/-/optionator-0.8.2.tgz",
      "integrity": "sha1-NkxeQJ0/TWMB1sC0wFu6UBgK62Q=",
      "dev": true,
      "requires": {
        "deep-is": "~0.1.3",
        "fast-levenshtein": "~2.0.4",
        "levn": "~0.3.0",
        "prelude-ls": "~1.1.2",
        "type-check": "~0.3.2",
        "wordwrap": "~1.0.0"
      }
    },
    "os-tmpdir": {
      "version": "1.0.2",
      "resolved": "https://registry.npmjs.org/os-tmpdir/-/os-tmpdir-1.0.2.tgz",
      "integrity": "sha1-u+Z0BseaqFxc/sdm/lc0VV36EnQ=",
      "dev": true
    },
    "p-limit": {
      "version": "1.3.0",
      "resolved": "https://registry.npmjs.org/p-limit/-/p-limit-1.3.0.tgz",
      "integrity": "sha512-vvcXsLAJ9Dr5rQOPk7toZQZJApBl2K4J6dANSsEuh6QI41JYcsS/qhTGa9ErIUUgK3WNQoJYvylxvjqmiqEA9Q==",
      "dev": true,
      "requires": {
        "p-try": "^1.0.0"
      }
    },
    "p-locate": {
      "version": "2.0.0",
      "resolved": "https://registry.npmjs.org/p-locate/-/p-locate-2.0.0.tgz",
      "integrity": "sha1-IKAQOyIqcMj9OcwuWAaA893l7EM=",
      "dev": true,
      "requires": {
        "p-limit": "^1.1.0"
      }
    },
    "p-try": {
      "version": "1.0.0",
      "resolved": "https://registry.npmjs.org/p-try/-/p-try-1.0.0.tgz",
      "integrity": "sha1-y8ec26+P1CKOE/Yh8rGiN8GyB7M=",
      "dev": true
    },
    "path-exists": {
      "version": "3.0.0",
      "resolved": "https://registry.npmjs.org/path-exists/-/path-exists-3.0.0.tgz",
      "integrity": "sha1-zg6+ql94yxiSXqfYENe1mwEP1RU=",
      "dev": true
    },
    "path-is-absolute": {
      "version": "1.0.1",
      "resolved": "https://registry.npmjs.org/path-is-absolute/-/path-is-absolute-1.0.1.tgz",
      "integrity": "sha1-F0uSaHNVNP+8es5r9TpanhtcX18=",
      "dev": true
    },
    "picocolors": {
      "version": "0.2.1",
      "resolved": "https://registry.npmjs.org/picocolors/-/picocolors-0.2.1.tgz",
      "integrity": "sha512-cMlDqaLEqfSaW8Z7N5Jw+lyIW869EzT73/F5lhtY9cLGoVxSXznfgfXMO0Z5K0o0Q2TkTXq+0KFsdnSe3jDViA==",
      "dev": true
    },
    "pify": {
      "version": "4.0.1",
      "resolved": "https://registry.npmjs.org/pify/-/pify-4.0.1.tgz",
      "integrity": "sha512-uB80kBFb/tfd68bVleG9T5GGsGPjJrLAUpR5PZIrhBnIaRTQRjqdJSsIKkOP6OAIFbj7GOrcudc5pNjZ+geV2g==",
      "dev": true
    },
    "pngjs": {
      "version": "2.3.1",
      "resolved": "https://registry.npmjs.org/pngjs/-/pngjs-2.3.1.tgz",
      "integrity": "sha1-EdHhK5y2TWPjDBQ6Mw9MH1Z9qF8=",
      "dev": true
    },
    "postcss-values-parser": {
      "version": "1.5.0",
      "resolved": "https://registry.npmjs.org/postcss-values-parser/-/postcss-values-parser-1.5.0.tgz",
      "integrity": "sha512-3M3p+2gMp0AH3da530TlX8kiO1nxdTnc3C6vr8dMxRLIlh8UYkz0/wcwptSXjhtx2Fr0TySI7a+BHDQ8NL7LaQ==",
      "dev": true,
      "requires": {
        "flatten": "^1.0.2",
        "indexes-of": "^1.0.1",
        "uniq": "^1.0.1"
      }
    },
    "prelude-ls": {
      "version": "1.1.2",
      "resolved": "https://registry.npmjs.org/prelude-ls/-/prelude-ls-1.1.2.tgz",
      "integrity": "sha1-IZMqVJ9eUv/ZqCf1cOBL5iqX2lQ=",
      "dev": true
    },
    "process-nextick-args": {
      "version": "2.0.0",
      "resolved": "https://registry.npmjs.org/process-nextick-args/-/process-nextick-args-2.0.0.tgz",
      "integrity": "sha512-MtEC1TqN0EU5nephaJ4rAtThHtC86dNN9qCuEhtshvpVBkAW5ZO7BASN9REnF9eoXGcRub+pFuKEpOHE+HbEMw==",
      "dev": true
    },
    "prr": {
      "version": "1.0.1",
      "resolved": "https://registry.npmjs.org/prr/-/prr-1.0.1.tgz",
      "integrity": "sha1-0/wRS6BplaRexok/SEzrHXj19HY=",
      "dev": true
    },
    "punycode": {
      "version": "1.3.2",
      "resolved": "https://registry.npmjs.org/punycode/-/punycode-1.3.2.tgz",
      "integrity": "sha1-llOgNvt8HuQjQvIyXM7v6jkmxI0=",
      "dev": true
    },
    "querystring": {
      "version": "0.2.0",
      "resolved": "https://registry.npmjs.org/querystring/-/querystring-0.2.0.tgz",
      "integrity": "sha1-sgmEkgO7Jd+CDadW50cAWHhSFiA=",
      "dev": true
    },
    "readable-stream": {
      "version": "2.3.6",
      "resolved": "https://registry.npmjs.org/readable-stream/-/readable-stream-2.3.6.tgz",
      "integrity": "sha512-tQtKA9WIAhBF3+VLAseyMqZeBjW0AHJoxOtYqSUZNJxauErmLbVm2FW1y+J/YA9dUrAC39ITejlZWhVIwawkKw==",
      "dev": true,
      "requires": {
        "core-util-is": "~1.0.0",
        "inherits": "~2.0.3",
        "isarray": "~1.0.0",
        "process-nextick-args": "~2.0.0",
        "safe-buffer": "~5.1.1",
        "string_decoder": "~1.1.1",
        "util-deprecate": "~1.0.1"
      }
    },
    "requirejs": {
      "version": "2.3.5",
      "resolved": "https://registry.npmjs.org/requirejs/-/requirejs-2.3.5.tgz",
      "integrity": "sha512-svnO+aNcR/an9Dpi44C7KSAy5fFGLtmPbaaCeQaklUz8BQhS64tWWIIlvEA5jrWICzlO/X9KSzSeXFnZdBu8nw==",
      "dev": true
    },
    "rimraf": {
      "version": "2.6.2",
      "resolved": "https://registry.npmjs.org/rimraf/-/rimraf-2.6.2.tgz",
      "integrity": "sha512-lreewLK/BlghmxtfH36YYVg1i8IAce4TI7oao75I1g245+6BctqTVQiBP3YUJ9C6DQOXJmkYR9X9fCLtCOJc5w==",
      "dev": true,
      "requires": {
        "glob": "^7.0.5"
      }
    },
    "safe-buffer": {
      "version": "5.1.2",
      "resolved": "https://registry.npmjs.org/safe-buffer/-/safe-buffer-5.1.2.tgz",
      "integrity": "sha512-Gd2UZBJDkXlY7GbJxfsE8/nvKkUEU1G38c1siN6QP6a9PT9MmHB8GnpscSmMJSoF8LOIrt8ud/wPtojys4G6+g==",
      "dev": true
    },
    "sax": {
      "version": "1.2.1",
      "resolved": "https://registry.npmjs.org/sax/-/sax-1.2.1.tgz",
      "integrity": "sha1-e45lYZCyKOgaZq6nSEgNgozS03o=",
      "dev": true
    },
    "source-map": {
      "version": "0.6.1",
      "resolved": "https://registry.npmjs.org/source-map/-/source-map-0.6.1.tgz",
      "integrity": "sha512-UjgapumWlbMhkBgzT7Ykc5YXUT46F0iKu8SGXq0bcwP5dz/h0Plj6enJqjz1Zbq2l5WaqYnrVbwWOWMyF3F47g==",
      "dev": true
    },
    "string-kit": {
      "version": "0.7.12",
      "resolved": "https://registry.npmjs.org/string-kit/-/string-kit-0.7.12.tgz",
      "integrity": "sha512-eoouG3p8UlzMCgMB3i19J5b8PXN42NVdtinjORBFL5yOWy4HbUSvT8e1vZ334JGiUevNhvaQItPyg9JyECS2Ng==",
      "dev": true,
      "requires": {
        "xregexp": "^4.1.1"
      }
    },
    "string_decoder": {
      "version": "1.1.1",
      "resolved": "https://registry.npmjs.org/string_decoder/-/string_decoder-1.1.1.tgz",
      "integrity": "sha512-n/ShnvDi6FHbbVfviro+WojiFzv+s8MPMHBczVePfUpDJLwoLT0ht1l4YwBCbi8pJAveEEdnkHyPyTP/mzRfwg==",
      "dev": true,
      "requires": {
        "safe-buffer": "~5.1.0"
      }
    },
    "stringify-object": {
      "version": "3.2.2",
      "resolved": "https://registry.npmjs.org/stringify-object/-/stringify-object-3.2.2.tgz",
      "integrity": "sha512-O696NF21oLiDy8PhpWu8AEqoZHw++QW6mUv0UvKZe8gWSdSvMXkiLufK7OmnP27Dro4GU5kb9U7JIO0mBuCRQg==",
      "dev": true,
      "requires": {
        "get-own-enumerable-property-symbols": "^2.0.1",
        "is-obj": "^1.0.1",
        "is-regexp": "^1.0.0"
      }
    },
    "supports-preserve-symlinks-flag": {
      "version": "1.0.0",
      "resolved": "https://registry.npmjs.org/supports-preserve-symlinks-flag/-/supports-preserve-symlinks-flag-1.0.0.tgz",
      "integrity": "sha512-ot0WnXS9fgdkgIcePe6RHNk1WA8+muPa6cSjeR3V8K27q9BB1rTE3R1p7Hv0z1ZyAc8s6Vvv8DIyWf681MAt0w==",
      "dev": true
    },
    "tapable": {
      "version": "1.0.0",
      "resolved": "https://registry.npmjs.org/tapable/-/tapable-1.0.0.tgz",
      "integrity": "sha512-dQRhbNQkRnaqauC7WqSJ21EEksgT0fYZX2lqXzGkpo8JNig9zGZTYoMGvyI2nWmXlE2VSVXVDu7wLVGu/mQEsg==",
      "dev": true
    },
    "terminal-kit": {
      "version": "1.17.12",
      "resolved": "https://registry.npmjs.org/terminal-kit/-/terminal-kit-1.17.12.tgz",
      "integrity": "sha512-g8lU5ULNI49kp0v4MG+5sVS7IlEXm0Llq4Z8CEVgwKaEszTlOfFrLEOiQTA7MYEX+KIHYq2b4Y6ntAEDlK5Lmg==",
      "dev": true,
      "requires": {
        "@cronvel/get-pixels": "^3.3.1",
        "async-kit": "^2.2.4",
        "ndarray": "^1.0.18",
        "nextgen-events": "^1.1.0",
        "string-kit": "^0.7.10",
        "tree-kit": "^0.5.27"
      }
    },
    "tmp": {
      "version": "0.0.33",
      "resolved": "https://registry.npmjs.org/tmp/-/tmp-0.0.33.tgz",
      "integrity": "sha512-jRCJlojKnZ3addtTOjdIqoRuPEKBvNXcGYqzO6zWZX8KfKEpnGY5jfggJQ3EjKuu8D4bJRr0y+cYJFmYbImXGw==",
      "dev": true,
      "requires": {
        "os-tmpdir": "~1.0.2"
      }
    },
    "traverse-chain": {
      "version": "0.1.0",
      "resolved": "https://registry.npmjs.org/traverse-chain/-/traverse-chain-0.1.0.tgz",
      "integrity": "sha1-YdvC1Ttp/2CRoSoWj9fUMxB+QPE=",
      "dev": true
    },
    "tree-kit": {
      "version": "0.5.27",
      "resolved": "https://registry.npmjs.org/tree-kit/-/tree-kit-0.5.27.tgz",
      "integrity": "sha512-0AtAzYDYaKSzeEPK3SI72lg/io5jrBxnT1gIRxEQasJycpQf5iXGh6YAl1kkh9wHmLlNRhDx0oj+GZEQHVe+cw==",
      "dev": true
    },
    "type-check": {
      "version": "0.3.2",
      "resolved": "https://registry.npmjs.org/type-check/-/type-check-0.3.2.tgz",
      "integrity": "sha1-WITKtRLPHTVeP7eE8wgEsrUg23I=",
      "dev": true,
      "requires": {
        "prelude-ls": "~1.1.2"
      }
    },
    "typescript": {
      "version": "2.9.2",
      "resolved": "https://registry.npmjs.org/typescript/-/typescript-2.9.2.tgz",
      "integrity": "sha512-Gr4p6nFNaoufRIY4NMdpQRNmgxVIGMs4Fcu/ujdYk3nAZqk7supzBE9idmvfZIlH/Cuj//dvi+019qEue9lV0w==",
      "dev": true
    },
    "uniq": {
      "version": "1.0.1",
      "resolved": "https://registry.npmjs.org/uniq/-/uniq-1.0.1.tgz",
      "integrity": "sha1-sxxa6CVIRKOoKBVBzisEuGWnNP8=",
      "dev": true
    },
    "universalify": {
      "version": "0.1.2",
      "resolved": "https://registry.npmjs.org/universalify/-/universalify-0.1.2.tgz",
      "integrity": "sha512-rBJeI5CXAlmy1pV+617WB9J63U6XcazHHF2f2dbJix4XzpUF0RS3Zbj0FGIOCAva5P/d/GBOYaACQ1w+0azUkg==",
      "dev": true
    },
    "url": {
      "version": "0.10.3",
      "resolved": "https://registry.npmjs.org/url/-/url-0.10.3.tgz",
      "integrity": "sha1-Ah5NnHcF8hu/N9A861h2dAJ3TGQ=",
      "dev": true,
      "requires": {
        "punycode": "1.3.2",
        "querystring": "0.2.0"
      }
    },
    "util-deprecate": {
      "version": "1.0.2",
      "resolved": "https://registry.npmjs.org/util-deprecate/-/util-deprecate-1.0.2.tgz",
      "integrity": "sha1-RQ1Nyfpw3nMnYvvS1KKJgUGaDM8=",
      "dev": true
    },
    "uuid": {
      "version": "3.1.0",
      "resolved": "https://registry.npmjs.org/uuid/-/uuid-3.1.0.tgz",
      "integrity": "sha512-DIWtzUkw04M4k3bf1IcpS2tngXEL26YUD2M0tMDUpnUrz2hgzUBlD55a4FjdLGPvfHxS6uluGWvaVEqgBcVa+g==",
      "dev": true
    },
    "wordwrap": {
      "version": "1.0.0",
      "resolved": "https://registry.npmjs.org/wordwrap/-/wordwrap-1.0.0.tgz",
      "integrity": "sha1-J1hIEIkUVqQXHI0CJkQa3pDLyus=",
      "dev": true
    },
    "wrappy": {
      "version": "1.0.2",
      "resolved": "https://registry.npmjs.org/wrappy/-/wrappy-1.0.2.tgz",
      "integrity": "sha1-tSQ9jz7BqjXxNkYFvA0QNuMKtp8=",
      "dev": true
    },
    "xml2js": {
      "version": "0.4.17",
      "resolved": "https://registry.npmjs.org/xml2js/-/xml2js-0.4.17.tgz",
      "integrity": "sha1-F76T6q4/O3eTWceVtBlwWogX6Gg=",
      "dev": true,
      "requires": {
        "sax": ">=0.6.0",
        "xmlbuilder": "^4.1.0"
      }
    },
    "xmlbuilder": {
      "version": "4.2.1",
      "resolved": "https://registry.npmjs.org/xmlbuilder/-/xmlbuilder-4.2.1.tgz",
      "integrity": "sha1-qlijBBoGb5DqoWwvU4n/GfP0YaU=",
      "dev": true,
      "requires": {
        "lodash": "^4.0.0"
      }
    },
    "xregexp": {
      "version": "4.2.0",
      "resolved": "https://registry.npmjs.org/xregexp/-/xregexp-4.2.0.tgz",
      "integrity": "sha512-IyMa7SVe9FyT4WbQVW3b95mTLVceHhLEezQ02+QMvmIqDnKTxk0MLWIQPSW2MXAr1zQb+9yvwYhcyQULneh3wA==",
      "dev": true
    }
  }
}
